
Microsoft Visual Studio Solution File, Format Version 12.00
# Visual Studio Version 17
VisualStudioVersion = 17.4.33122.133
MinimumVisualStudioVersion = 10.0.40219.1
Project("{9A19103F-16F7-4668-BE54-9A1E7A4F7556}") = "HttpRequestsSample", "HttpRequestsSample.csproj", "{65EFAFAC-286D-44D7-983D-2A577EF62493}"
EndProject
Global
	GlobalSection(SolutionConfigurationPlatforms) = preSolution
		Debug|Any CPU = Debug|Any CPU
		Release|Any CPU = Release|Any CPU
	EndGlobalSection
	GlobalSection(ProjectConfigurationPlatforms) = postSolution
		{65EFAFAC-286D-44D7-983D-2A577EF62493}.Debug|Any CPU.ActiveCfg = Debug|Any CPU
		{65EFAFAC-286D-44D7-983D-2A577EF62493}.Debug|Any CPU.Build.0 = Debug|Any CPU
		{65EFAFAC-286D-44D7-983D-2A577EF62493}.Release|Any CPU.ActiveCfg = Release|Any CPU
		{65EFAFAC-286D-44D7-983D-2A577EF62493}.Release|Any CPU.Build.0 = Release|Any CPU
	EndGlobalSection
	GlobalSection(SolutionProperties) = preSolution
		HideSolutionNode = FALSE
	EndGlobalSection
	GlobalSection(ExtensibilityGlobals) = postSolution
		SolutionGuid = {F4A49211-2135-45AC-B0D8-C3688E0D7601}
	EndGlobalSection
EndGlobal
